# THIS IS AN AUTOGENERATED FILE. DO NOT EDIT THIS FILE DIRECTLY.
# yarn lockfile v1


"@aws-amplify/analytics@^1.2.23":
  version "1.2.23"
  resolved "https://registry.yarnpkg.com/@aws-amplify/analytics/-/analytics-1.2.23.tgz#07911e34835689da5124a1eb2fbf64f85bf7b439"
  dependencies:
    "@aws-amplify/cache" "^1.0.32"
    "@aws-amplify/core" "^1.1.0"
    uuid "^3.2.1"

"@aws-amplify/api@^1.0.42":
  version "1.0.42"
  resolved "https://registry.yarnpkg.com/@aws-amplify/api/-/api-1.0.42.tgz#d1268f9a9c0be5f051f5d1b4759f5780476ef86a"
  dependencies:
    "@aws-amplify/auth" "^1.2.31"
    "@aws-amplify/cache" "^1.0.32"
    "@aws-amplify/core" "^1.1.0"
    axios "^0.19.0"
    graphql "0.13.0"
    uuid "^3.2.1"
    zen-observable "^0.8.6"

"@aws-amplify/auth@^1.2.31":
  version "1.2.31"
  resolved "https://registry.yarnpkg.com/@aws-amplify/auth/-/auth-1.2.31.tgz#b4c5f975549ae18349ed2ca372e0a2a0ee7f395e"
  dependencies:
    "@aws-amplify/cache" "^1.0.32"
    "@aws-amplify/core" "^1.1.0"
    amazon-cognito-identity-js "^3.0.15"
    crypto-js "^3.1.9-1"

"@aws-amplify/cache@^1.0.32":
  version "1.0.32"
  resolved "https://registry.yarnpkg.com/@aws-amplify/cache/-/cache-1.0.32.tgz#26600edbeaed3fe50062674d929280268e927815"
  dependencies:
    "@aws-amplify/core" "^1.1.0"

"@aws-amplify/core@^1.1.0":
  version "1.1.0"
  resolved "https://registry.yarnpkg.com/@aws-amplify/core/-/core-1.1.0.tgz#52f23b4ef120749b5af8ff6a65471df60ac7fe33"
  dependencies:
    aws-sdk "2.474.0"
    url "^0.11.0"

"@aws-amplify/interactions@^1.0.35":
  version "1.0.35"
  resolved "https://registry.yarnpkg.com/@aws-amplify/interactions/-/interactions-1.0.35.tgz#ed6a39e341fad72116ee4409abbf7803b950a4bf"
  dependencies:
    "@aws-amplify/core" "^1.1.0"

"@aws-amplify/predictions@^1.0.3":
  version "1.0.3"
  resolved "https://registry.yarnpkg.com/@aws-amplify/predictions/-/predictions-1.0.3.tgz#b95131c11680f515dd8dccbf51061f83fd4a2601"
  dependencies:
    "@aws-amplify/core" "^1.1.0"
    "@aws-amplify/storage" "^1.1.0"
    "@aws-sdk/eventstream-marshaller" "^0.1.0-preview.2"
    "@aws-sdk/util-utf8-node" "^0.1.0-preview.1"
    uuid "^3.2.1"

"@aws-amplify/pubsub@^1.1.0":
  version "1.1.0"
  resolved "https://registry.yarnpkg.com/@aws-amplify/pubsub/-/pubsub-1.1.0.tgz#ef7ef4d4916f2a7aba18701694441d858ea9d804"
  dependencies:
    "@aws-amplify/core" "^1.1.0"
    uuid "^3.2.1"
    zen-observable "^0.8.6"

"@aws-amplify/storage@^1.1.0":
  version "1.1.0"
  resolved "https://registry.yarnpkg.com/@aws-amplify/storage/-/storage-1.1.0.tgz#549ea8232f1e38d3d34477d4f581f1189536498e"
  dependencies:
    "@aws-amplify/core" "^1.1.0"

"@aws-amplify/ui@^1.0.23":
  version "1.0.23"
  resolved "https://registry.yarnpkg.com/@aws-amplify/ui/-/ui-1.0.23.tgz#d984607168cf9ccaba6886c5e30eecc304cbc73a"

"@aws-amplify/xr@^0.1.22":
  version "0.1.22"
  resolved "https://registry.yarnpkg.com/@aws-amplify/xr/-/xr-0.1.22.tgz#ee3818e855f327d780a4bb315daa22c925ead214"
  dependencies:
    "@aws-amplify/core" "^1.1.0"

"@aws-crypto/crc32@^0.1.0-preview.1":
  version "0.1.0-preview.1"
  resolved "https://registry.yarnpkg.com/@aws-crypto/crc32/-/crc32-0.1.0-preview.1.tgz#ff1ba13bccebbe92fcb2320b8e338ba53e0da598"
  dependencies:
    tslib "^1.9.3"

"@aws-sdk/eventstream-marshaller@^0.1.0-preview.2":
  version "0.1.0-preview.2"
  resolved "https://registry.yarnpkg.com/@aws-sdk/eventstream-marshaller/-/eventstream-marshaller-0.1.0-preview.2.tgz#494d0fa41c7a313a83209239006eb5f083af6fe9"
  dependencies:
    "@aws-crypto/crc32" "^0.1.0-preview.1"
    "@aws-sdk/types" "^0.1.0-preview.1"
    "@aws-sdk/util-hex-encoding" "^0.1.0-preview.1"
    tslib "^1.8.0"

"@aws-sdk/is-array-buffer@^0.1.0-preview.1":
  version "0.1.0-preview.1"
  resolved "https://registry.yarnpkg.com/@aws-sdk/is-array-buffer/-/is-array-buffer-0.1.0-preview.1.tgz#63cd8488faaf1a537817d0ef57fec3aa3bf030c4"
  dependencies:
    tslib "^1.8.0"

"@aws-sdk/types@^0.1.0-preview.1":
  version "0.1.0-preview.1"
  resolved "https://registry.yarnpkg.com/@aws-sdk/types/-/types-0.1.0-preview.1.tgz#6119574f873ec9a8ee2e5c1fbfb3ddcc9059c2f3"

"@aws-sdk/util-buffer-from@^0.1.0-preview.1":
  version "0.1.0-preview.1"
  resolved "https://registry.yarnpkg.com/@aws-sdk/util-buffer-from/-/util-buffer-from-0.1.0-preview.1.tgz#b40c674044bf0997e0f170f692fbdaf7f5edd78c"
  dependencies:
    "@aws-sdk/is-array-buffer" "^0.1.0-preview.1"
    tslib "^1.8.0"

"@aws-sdk/util-hex-encoding@^0.1.0-preview.1":
  version "0.1.0-preview.1"
  resolved "https://registry.yarnpkg.com/@aws-sdk/util-hex-encoding/-/util-hex-encoding-0.1.0-preview.1.tgz#198a5c351bb52baf7b80d5f3ce1cdd000e251bf5"
  dependencies:
    tslib "^1.8.0"

"@aws-sdk/util-utf8-node@^0.1.0-preview.1":
  version "0.1.0-preview.1"
  resolved "https://registry.yarnpkg.com/@aws-sdk/util-utf8-node/-/util-utf8-node-0.1.0-preview.1.tgz#f776a087039df1825b83d9d8680a47f8172721ca"
  dependencies:
    "@aws-sdk/util-buffer-from" "^0.1.0-preview.1"
    tslib "^1.8.0"

amazon-cognito-identity-js@^3.0.15:
  version "3.0.15"
  resolved "https://registry.yarnpkg.com/amazon-cognito-identity-js/-/amazon-cognito-identity-js-3.0.15.tgz#2dcd79ca65486d6293b5a166140d68330b718b5f"
  dependencies:
    buffer "4.9.1"
    crypto-js "^3.1.9-1"
    js-cookie "^2.1.4"

aws-amplify@^1.1.36:
  version "1.1.36"
  resolved "https://registry.yarnpkg.com/aws-amplify/-/aws-amplify-1.1.36.tgz#870055d828854c89ac76061dd711d553b2b03732"
  dependencies:
    "@aws-amplify/analytics" "^1.2.23"
    "@aws-amplify/api" "^1.0.42"
    "@aws-amplify/auth" "^1.2.31"
    "@aws-amplify/cache" "^1.0.32"
    "@aws-amplify/core" "^1.1.0"
    "@aws-amplify/interactions" "^1.0.35"
    "@aws-amplify/predictions" "^1.0.3"
    "@aws-amplify/pubsub" "^1.1.0"
    "@aws-amplify/storage" "^1.1.0"
    "@aws-amplify/ui" "^1.0.23"
    "@aws-amplify/xr" "^0.1.22"

aws-sdk@2.474.0:
  version "2.474.0"
  resolved "https://registry.yarnpkg.com/aws-sdk/-/aws-sdk-2.474.0.tgz#580c7c28e00828b40e2f97b031820bcef68d2367"
  dependencies:
    buffer "4.9.1"
    events "1.1.1"
    ieee754 "1.1.8"
    jmespath "0.15.0"
    querystring "0.2.0"
    sax "1.2.1"
    url "0.10.3"
    uuid "3.3.2"
    xml2js "0.4.19"

axios@^0.19.0:
  version "0.19.0"
  resolved "https://registry.yarnpkg.com/axios/-/axios-0.19.0.tgz#8e09bff3d9122e133f7b8101c8fbdd00ed3d2ab8"
  dependencies:
    follow-redirects "1.5.10"
    is-buffer "^2.0.2"

base64-js@^1.0.2:
  version "1.3.1"
  resolved "https://registry.yarnpkg.com/base64-js/-/base64-js-1.3.1.tgz#58ece8cb75dd07e71ed08c736abc5fac4dbf8df1"

buffer@4.9.1:
  version "4.9.1"
  resolved "https://registry.yarnpkg.com/buffer/-/buffer-4.9.1.tgz#6d1bb601b07a4efced97094132093027c95bc298"
  dependencies:
    base64-js "^1.0.2"
    ieee754 "^1.1.4"
    isarray "^1.0.0"

crypto-js@^3.1.9-1:
  version "3.1.9-1"
  resolved "https://registry.yarnpkg.com/crypto-js/-/crypto-js-3.1.9-1.tgz#fda19e761fc077e01ffbfdc6e9fdfc59e8806cd8"

debug@=3.1.0:
  version "3.1.0"
  resolved "https://registry.yarnpkg.com/debug/-/debug-3.1.0.tgz#5bb5a0672628b64149566ba16819e61518c67261"
  dependencies:
    ms "2.0.0"

events@1.1.1:
  version "1.1.1"
  resolved "https://registry.yarnpkg.com/events/-/events-1.1.1.tgz#9ebdb7635ad099c70dcc4c2a1f5004288e8bd924"

follow-redirects@1.5.10:
  version "1.5.10"
  resolved "https://registry.yarnpkg.com/follow-redirects/-/follow-redirects-1.5.10.tgz#7b7a9f9aea2fdff36786a94ff643ed07f4ff5e2a"
  dependencies:
    debug "=3.1.0"

graphql@0.13.0:
  version "0.13.0"
  resolved "https://registry.yarnpkg.com/graphql/-/graphql-0.13.0.tgz#d1b44a282279a9ce0a6ec1037329332f4c1079b6"
  dependencies:
    iterall "1.1.x"

ieee754@1.1.8:
  version "1.1.8"
  resolved "https://registry.yarnpkg.com/ieee754/-/ieee754-1.1.8.tgz#be33d40ac10ef1926701f6f08a2d86fbfd1ad3e4"

ieee754@^1.1.4:
  version "1.1.13"
  resolved "https://registry.yarnpkg.com/ieee754/-/ieee754-1.1.13.tgz#ec168558e95aa181fd87d37f55c32bbcb6708b84"

is-buffer@^2.0.2:
  version "2.0.3"
  resolved "https://registry.yarnpkg.com/is-buffer/-/is-buffer-2.0.3.tgz#4ecf3fcf749cbd1e472689e109ac66261a25e725"

isarray@^1.0.0:
  version "1.0.0"
  resolved "https://registry.yarnpkg.com/isarray/-/isarray-1.0.0.tgz#bb935d48582cba168c06834957a54a3e07124f11"

iterall@1.1.x:
  version "1.1.4"
  resolved "https://registry.yarnpkg.com/iterall/-/iterall-1.1.4.tgz#0db40d38fdcf53ae14dc8ec674e62ab190d52cfc"

jmespath@0.15.0:
  version "0.15.0"
  resolved "https://registry.yarnpkg.com/jmespath/-/jmespath-0.15.0.tgz#a3f222a9aae9f966f5d27c796510e28091764217"

js-cookie@^2.1.4:
  version "2.2.1"
  resolved "https://registry.yarnpkg.com/js-cookie/-/js-cookie-2.2.1.tgz#69e106dc5d5806894562902aa5baec3744e9b2b8"

ms@2.0.0:
  version "2.0.0"
  resolved "https://registry.yarnpkg.com/ms/-/ms-2.0.0.tgz#5608aeadfc00be6c2901df5f9861788de0d597c8"

punycode@1.3.2:
  version "1.3.2"
  resolved "https://registry.yarnpkg.com/punycode/-/punycode-1.3.2.tgz#9653a036fb7c1ee42342f2325cceefea3926c48d"

querystring@0.2.0:
  version "0.2.0"
  resolved "https://registry.yarnpkg.com/querystring/-/querystring-0.2.0.tgz#b209849203bb25df820da756e747005878521620"

sax@1.2.1:
  version "1.2.1"
  resolved "https://registry.yarnpkg.com/sax/-/sax-1.2.1.tgz#7b8e656190b228e81a66aea748480d828cd2d37a"

sax@>=0.6.0:
  version "1.2.4"
  resolved "https://registry.yarnpkg.com/sax/-/sax-1.2.4.tgz#2816234e2378bddc4e5354fab5caa895df7100d9"

tslib@^1.8.0, tslib@^1.9.3:
  version "1.10.0"
  resolved "https://registry.yarnpkg.com/tslib/-/tslib-1.10.0.tgz#c3c19f95973fb0a62973fb09d90d961ee43e5c8a"

url@0.10.3:
  version "0.10.3"
  resolved "https://registry.yarnpkg.com/url/-/url-0.10.3.tgz#021e4d9c7705f21bbf37d03ceb58767402774c64"
  dependencies:
    punycode "1.3.2"
    querystring "0.2.0"

url@^0.11.0:
  version "0.11.0"
  resolved "https://registry.yarnpkg.com/url/-/url-0.11.0.tgz#3838e97cfc60521eb73c525a8e55bfdd9e2e28f1"
  dependencies:
    punycode "1.3.2"
    querystring "0.2.0"

uuid@3.3.2:
  version "3.3.2"
  resolved "https://registry.yarnpkg.com/uuid/-/uuid-3.3.2.tgz#1b4af4955eb3077c501c23872fc6513811587131"

uuid@^3.2.1:
  version "3.3.3"
  resolved "https://registry.yarnpkg.com/uuid/-/uuid-3.3.3.tgz#4568f0216e78760ee1dbf3a4d2cf53e224112866"

xml2js@0.4.19:
  version "0.4.19"
  resolved "https://registry.yarnpkg.com/xml2js/-/xml2js-0.4.19.tgz#686c20f213209e94abf0d1bcf1efaa291c7827a7"
  dependencies:
    sax ">=0.6.0"
    xmlbuilder "~9.0.1"

xmlbuilder@~9.0.1:
  version "9.0.7"
  resolved "https://registry.yarnpkg.com/xmlbuilder/-/xmlbuilder-9.0.7.tgz#132ee63d2ec5565c557e20f4c22df9aca686b10d"

zen-observable@^0.8.6:
  version "0.8.14"
  resolved "https://registry.yarnpkg.com/zen-observable/-/zen-observable-0.8.14.tgz#d33058359d335bc0db1f0af66158b32872af3bf7"
